// !$*UTF8*$!
{
	archiveVersion = 1;
	classes = {
	};
	objectVersion = 46;
	objects = {

/* Begin PBXBuildFile section */
		5904C5D6156E720100F86544 /* PlayListBuilder.m in Sources */ = {isa = PBXBuildFile; fileRef = 5904C5D5156E720100F86544 /* PlayListBuilder.m */; };
		59180C97156C57E300B0AAEB /* UIKit.framework in Frameworks */ = {isa = PBXBuildFile; fileRef = 59180C96156C57E300B0AAEB /* UIKit.framework */; };
		59180C99156C57E300B0AAEB /* Foundation.framework in Frameworks */ = {isa = PBXBuildFile; fileRef = 59180C98156C57E300B0AAEB /* Foundation.framework */; };
		59180C9B156C57E300B0AAEB /* CoreGraphics.framework in Frameworks */ = {isa = PBXBuildFile; fileRef = 59180C9A156C57E300B0AAEB /* CoreGraphics.framework */; };
		59180CA1156C57E300B0AAEB /* InfoPlist.strings in Resources */ = {isa = PBXBuildFile; fileRef = 59180C9F156C57E300B0AAEB /* InfoPlist.strings */; };
		59180CA3156C57E300B0AAEB /* main.m in Sources */ = {isa = PBXBuildFile; fileRef = 59180CA2156C57E300B0AAEB /* main.m */; };
		59180CA7156C57E300B0AAEB /* AppDelegate.m in Sources */ = {isa = PBXBuildFile; fileRef = 59180CA6156C57E300B0AAEB /* AppDelegate.m */; };
		59180CAA156C57E300B0AAEB /* HomeScreen_VC.m in Sources */ = {isa = PBXBuildFile; fileRef = 59180CA9156C57E300B0AAEB /* HomeScreen_VC.m */; };
		59180CAD156C57E300B0AAEB /* HomeScreen_V.xib in Resources */ = {isa = PBXBuildFile; fileRef = 59180CAB156C57E300B0AAEB /* HomeScreen_V.xib */; };
		59180CB5156C57E300B0AAEB /* SenTestingKit.framework in Frameworks */ = {isa = PBXBuildFile; fileRef = 59180CB4156C57E300B0AAEB /* SenTestingKit.framework */; };
		59180CB6156C57E300B0AAEB /* UIKit.framework in Frameworks */ = {isa = PBXBuildFile; fileRef = 59180C96156C57E300B0AAEB /* UIKit.framework */; };
		59180CB7156C57E300B0AAEB /* Foundation.framework in Frameworks */ = {isa = PBXBuildFile; fileRef = 59180C98156C57E300B0AAEB /* Foundation.framework */; };
		59180CBF156C57E300B0AAEB /* InfoPlist.strings in Resources */ = {isa = PBXBuildFile; fileRef = 59180CBD156C57E300B0AAEB /* InfoPlist.strings */; };
		59180CC2156C57E300B0AAEB /* Route_PlayerTests.m in Sources */ = {isa = PBXBuildFile; fileRef = 59180CC1156C57E300B0AAEB /* Route_PlayerTests.m */; };
		59180CCC156C5D8C00B0AAEB /* MediaPlayer.framework in Frameworks */ = {isa = PBXBuildFile; fileRef = 59180CCB156C5D8C00B0AAEB /* MediaPlayer.framework */; };
		5929F6641574FF6000B41A66 /* PlayList.m in Sources */ = {isa = PBXBuildFile; fileRef = 5929F6631574FF6000B41A66 /* PlayList.m */; };
		596689CE1574FDF800527332 /* PlayList_VC.m in Sources */ = {isa = PBXBuildFile; fileRef = 596689CC1574FDF800527332 /* PlayList_VC.m */; };
		596689CF1574FDF800527332 /* PlayList_V.xib in Resources */ = {isa = PBXBuildFile; fileRef = 596689CD1574FDF800527332 /* PlayList_V.xib */; };
/* End PBXBuildFile section */

/* Begin PBXContainerItemProxy section */
		59180CB8156C57E300B0AAEB /* PBXContainerItemProxy */ = {
			isa = PBXContainerItemProxy;
			containerPortal = 59180C89156C57E300B0AAEB /* Project object */;
			proxyType = 1;
			remoteGlobalIDString = 59180C91156C57E300B0AAEB;
			remoteInfo = Route_Player;
		};
/* End PBXContainerItemProxy section */

/* Begin PBXFileReference section */
		5904C5D4156E720100F86544 /* PlayListBuilder.h */ = {isa = PBXFileReference; fileEncoding = 4; lastKnownFileType = sourcecode.c.h; path = PlayListBuilder.h; sourceTree = "<group>"; };
		5904C5D5156E720100F86544 /* PlayListBuilder.m */ = {isa = PBXFileReference; fileEncoding = 4; lastKnownFileType = sourcecode.c.objc; path = PlayListBuilder.m; sourceTree = "<group>"; };
		59180C92156C57E300B0AAEB /* Route_Player.app */ = {isa = PBXFileReference; explicitFileType = wrapper.application; includeInIndex = 0; path = Route_Player.app; sourceTree = BUILT_PRODUCTS_DIR; };
		59180C96156C57E300B0AAEB /* UIKit.framework */ = {isa = PBXFileReference; lastKnownFileType = wrapper.framework; name = UIKit.framework; path = System/Library/Frameworks/UIKit.framework; sourceTree = SDKROOT; };
		59180C98156C57E300B0AAEB /* Foundation.framework */ = {isa = PBXFileReference; lastKnownFileType = wrapper.framework; name = Foundation.framework; path = System/Library/Frameworks/Foundation.framework; sourceTree = SDKROOT; };
		59180C9A156C57E300B0AAEB /* CoreGraphics.framework */ = {isa = PBXFileReference; lastKnownFileType = wrapper.framework; name = CoreGraphics.framework; path = System/Library/Frameworks/CoreGraphics.framework; sourceTree = SDKROOT; };
		59180C9E156C57E300B0AAEB /* Route_Player-Info.plist */ = {isa = PBXFileReference; lastKnownFileType = text.plist.xml; path = "Route_Player-Info.plist"; sourceTree = "<group>"; };
		59180CA0156C57E300B0AAEB /* en */ = {isa = PBXFileReference; lastKnownFileType = text.plist.strings; name = en; path = en.lproj/InfoPlist.strings; sourceTree = "<group>"; };
		59180CA2156C57E300B0AAEB /* main.m */ = {isa = PBXFileReference; lastKnownFileType = sourcecode.c.objc; path = main.m; sourceTree = "<group>"; };
		59180CA4156C57E300B0AAEB /* Route_Player-Prefix.pch */ = {isa = PBXFileReference; lastKnownFileType = sourcecode.c.h; path = "Route_Player-Prefix.pch"; sourceTree = "<group>"; };
		59180CA5156C57E300B0AAEB /* AppDelegate.h */ = {isa = PBXFileReference; lastKnownFileType = sourcecode.c.h; path = AppDelegate.h; sourceTree = "<group>"; };
		59180CA6156C57E300B0AAEB /* AppDelegate.m */ = {isa = PBXFileReference; lastKnownFileType = sourcecode.c.objc; path = AppDelegate.m; sourceTree = "<group>"; };
		59180CA8156C57E300B0AAEB /* HomeScreen_VC.h */ = {isa = PBXFileReference; lastKnownFileType = sourcecode.c.h; path = HomeScreen_VC.h; sourceTree = "<group>"; };
		59180CA9156C57E300B0AAEB /* HomeScreen_VC.m */ = {isa = PBXFileReference; lastKnownFileType = sourcecode.c.objc; path = HomeScreen_VC.m; sourceTree = "<group>"; };
		59180CAC156C57E300B0AAEB /* en */ = {isa = PBXFileReference; lastKnownFileType = file.xib; name = en; path = en.lproj/HomeScreen_V.xib; sourceTree = "<group>"; };
		59180CB3156C57E300B0AAEB /* Route_PlayerTests.octest */ = {isa = PBXFileReference; explicitFileType = wrapper.cfbundle; includeInIndex = 0; path = Route_PlayerTests.octest; sourceTree = BUILT_PRODUCTS_DIR; };
		59180CB4156C57E300B0AAEB /* SenTestingKit.framework */ = {isa = PBXFileReference; lastKnownFileType = wrapper.framework; name = SenTestingKit.framework; path = Library/Frameworks/SenTestingKit.framework; sourceTree = DEVELOPER_DIR; };
		59180CBC156C57E300B0AAEB /* Route_PlayerTests-Info.plist */ = {isa = PBXFileReference; lastKnownFileType = text.plist.xml; path = "Route_PlayerTests-Info.plist"; sourceTree = "<group>"; };
		59180CBE156C57E300B0AAEB /* en */ = {isa = PBXFileReference; lastKnownFileType = text.plist.strings; name = en; path = en.lproj/InfoPlist.strings; sourceTree = "<group>"; };
		59180CC0156C57E300B0AAEB /* Route_PlayerTests.h */ = {isa = PBXFileReference; lastKnownFileType = sourcecode.c.h; path = Route_PlayerTests.h; sourceTree = "<group>"; };
		59180CC1156C57E300B0AAEB /* Route_PlayerTests.m */ = {isa = PBXFileReference; lastKnownFileType = sourcecode.c.objc; path = Route_PlayerTests.m; sourceTree = "<group>"; };
		59180CCB156C5D8C00B0AAEB /* MediaPlayer.framework */ = {isa = PBXFileReference; lastKnownFileType = wrapper.framework; name = MediaPlayer.framework; path = System/Library/Frameworks/MediaPlayer.framework; sourceTree = SDKROOT; };
		5929F6621574FF6000B41A66 /* PlayList.h */ = {isa = PBXFileReference; fileEncoding = 4; lastKnownFileType = sourcecode.c.h; path = PlayList.h; sourceTree = "<group>"; };
		5929F6631574FF6000B41A66 /* PlayList.m */ = {isa = PBXFileReference; fileEncoding = 4; lastKnownFileType = sourcecode.c.objc; path = PlayList.m; sourceTree = "<group>"; };
		596689CB1574FDF800527332 /* PlayList_VC.h */ = {isa = PBXFileReference; fileEncoding = 4; lastKnownFileType = sourcecode.c.h; path = PlayList_VC.h; sourceTree = "<group>"; };
		596689CC1574FDF800527332 /* PlayList_VC.m */ = {isa = PBXFileReference; fileEncoding = 4; lastKnownFileType = sourcecode.c.objc; path = PlayList_VC.m; sourceTree = "<group>"; };
		596689CD1574FDF800527332 /* PlayList_V.xib */ = {isa = PBXFileReference; fileEncoding = 4; lastKnownFileType = file.xib; path = PlayList_V.xib; sourceTree = "<group>"; };
/* End PBXFileReference section */

/* Begin PBXFrameworksBuildPhase section */
		59180C8F156C57E300B0AAEB /* Frameworks */ = {
			isa = PBXFrameworksBuildPhase;
			buildActionMask = 2147483647;
			files = (
				59180CCC156C5D8C00B0AAEB /* MediaPlayer.framework in Frameworks */,
				59180C97156C57E300B0AAEB /* UIKit.framework in Frameworks */,
				59180C99156C57E300B0AAEB /* Foundation.framework in Frameworks */,
				59180C9B156C57E300B0AAEB /* CoreGraphics.framework in Frameworks */,
			);
			runOnlyForDeploymentPostprocessing = 0;
		};
		59180CAF156C57E300B0AAEB /* Frameworks */ = {
			isa = PBXFrameworksBuildPhase;
			buildActionMask = 2147483647;
			files = (
				59180CB5156C57E300B0AAEB /* SenTestingKit.framework in Frameworks */,
				59180CB6156C57E300B0AAEB /* UIKit.framework in Frameworks */,
				59180CB7156C57E300B0AAEB /* Foundation.framework in Frameworks */,
			);
			runOnlyForDeploymentPostprocessing = 0;
		};
/* End PBXFrameworksBuildPhase section */

/* Begin PBXGroup section */
		59180C87156C57E300B0AAEB = {
			isa = PBXGroup;
			children = (
				59180C9C156C57E300B0AAEB /* Route_Player */,
				59180CBA156C57E300B0AAEB /* Route_PlayerTests */,
				59180C95156C57E300B0AAEB /* Frameworks */,
				59180C93156C57E300B0AAEB /* Products */,
			);
			sourceTree = "<group>";
		};
		59180C93156C57E300B0AAEB /* Products */ = {
			isa = PBXGroup;
			children = (
				59180C92156C57E300B0AAEB /* Route_Player.app */,
				59180CB3156C57E300B0AAEB /* Route_PlayerTests.octest */,
			);
			name = Products;
			sourceTree = "<group>";
		};
		59180C95156C57E300B0AAEB /* Frameworks */ = {
			isa = PBXGroup;
			children = (
				59180CCB156C5D8C00B0AAEB /* MediaPlayer.framework */,
				59180C96156C57E300B0AAEB /* UIKit.framework */,
				59180C98156C57E300B0AAEB /* Foundation.framework */,
				59180C9A156C57E300B0AAEB /* CoreGraphics.framework */,
				59180CB4156C57E300B0AAEB /* SenTestingKit.framework */,
			);
			name = Frameworks;
			sourceTree = "<group>";
		};
		59180C9C156C57E300B0AAEB /* Route_Player */ = {
			isa = PBXGroup;
			children = (
				5929F6661574FF6900B41A66 /* Models */,
				59180CA5156C57E300B0AAEB /* AppDelegate.h */,
				59180CA6156C57E300B0AAEB /* AppDelegate.m */,
				59180CA8156C57E300B0AAEB /* HomeScreen_VC.h */,
				59180CA9156C57E300B0AAEB /* HomeScreen_VC.m */,
				59180CAB156C57E300B0AAEB /* HomeScreen_V.xib */,
				5904C5D4156E720100F86544 /* PlayListBuilder.h */,
				5904C5D5156E720100F86544 /* PlayListBuilder.m */,
				596689CB1574FDF800527332 /* PlayList_VC.h */,
				596689CC1574FDF800527332 /* PlayList_VC.m */,
				596689CD1574FDF800527332 /* PlayList_V.xib */,
				59180C9D156C57E300B0AAEB /* Supporting Files */,
			);
			path = Route_Player;
			sourceTree = "<group>";
		};
		59180C9D156C57E300B0AAEB /* Supporting Files */ = {
			isa = PBXGroup;
			children = (
				59180C9E156C57E300B0AAEB /* Route_Player-Info.plist */,
				59180C9F156C57E300B0AAEB /* InfoPlist.strings */,
				59180CA2156C57E300B0AAEB /* main.m */,
				59180CA4156C57E300B0AAEB /* Route_Player-Prefix.pch */,
			);
			name = "Supporting Files";
			sourceTree = "<group>";
		};
		59180CBA156C57E300B0AAEB /* Route_PlayerTests */ = {
			isa = PBXGroup;
			children = (
				59180CC0156C57E300B0AAEB /* Route_PlayerTests.h */,
				59180CC1156C57E300B0AAEB /* Route_PlayerTests.m */,
				59180CBB156C57E300B0AAEB /* Supporting Files */,
			);
			path = Route_PlayerTests;
			sourceTree = "<group>";
		};
		59180CBB156C57E300B0AAEB /* Supporting Files */ = {
			isa = PBXGroup;
			children = (
				59180CBC156C57E300B0AAEB /* Route_PlayerTests-Info.plist */,
				59180CBD156C57E300B0AAEB /* InfoPlist.strings */,
			);
			name = "Supporting Files";
			sourceTree = "<group>";
		};
		5929F6661574FF6900B41A66 /* Models */ = {
			isa = PBXGroup;
			children = (
				5929F6621574FF6000B41A66 /* PlayList.h */,
				5929F6631574FF6000B41A66 /* PlayList.m */,
			);
			name = Models;
			sourceTree = "<group>";
		};
/* End PBXGroup section */

/* Begin PBXNativeTarget section */
		59180C91156C57E300B0AAEB /* Route_Player */ = {
			isa = PBXNativeTarget;
			buildConfigurationList = 59180CC5156C57E300B0AAEB /* Build configuration list for PBXNativeTarget "Route_Player" */;
			buildPhases = (
				59180C8E156C57E300B0AAEB /* Sources */,
				59180C8F156C57E300B0AAEB /* Frameworks */,
				59180C90156C57E300B0AAEB /* Resources */,
			);
			buildRules = (
			);
			dependencies = (
			);
			name = Route_Player;
			productName = Route_Player;
			productReference = 59180C92156C57E300B0AAEB /* Route_Player.app */;
			productType = "com.apple.product-type.application";
		};
		59180CB2156C57E300B0AAEB /* Route_PlayerTests */ = {
			isa = PBXNativeTarget;
			buildConfigurationList = 59180CC8156C57E300B0AAEB /* Build configuration list for PBXNativeTarget "Route_PlayerTests" */;
			buildPhases = (
				59180CAE156C57E300B0AAEB /* Sources */,
				59180CAF156C57E300B0AAEB /* Frameworks */,
				59180CB0156C57E300B0AAEB /* Resources */,
				59180CB1156C57E300B0AAEB /* ShellScript */,
			);
			buildRules = (
			);
			dependencies = (
				59180CB9156C57E300B0AAEB /* PBXTargetDependency */,
			);
			name = Route_PlayerTests;
			productName = Route_PlayerTests;
			productReference = 59180CB3156C57E300B0AAEB /* Route_PlayerTests.octest */;
			productType = "com.apple.product-type.bundle";
		};
/* End PBXNativeTarget section */

/* Begin PBXProject section */
		59180C89156C57E300B0AAEB /* Project object */ = {
			isa = PBXProject;
			attributes = {
				LastUpgradeCheck = 0430;
				ORGANIZATIONNAME = "James Snee";
			};
			buildConfigurationList = 59180C8C156C57E300B0AAEB /* Build configuration list for PBXProject "Route_Player" */;
			compatibilityVersion = "Xcode 3.2";
			developmentRegion = English;
			hasScannedForEncodings = 0;
			knownRegions = (
				en,
			);
			mainGroup = 59180C87156C57E300B0AAEB;
			productRefGroup = 59180C93156C57E300B0AAEB /* Products */;
			projectDirPath = "";
			projectRoot = "";
			targets = (
				59180C91156C57E300B0AAEB /* Route_Player */,
				59180CB2156C57E300B0AAEB /* Route_PlayerTests */,
			);
		};
/* End PBXProject section */

/* Begin PBXResourcesBuildPhase section */
		59180C90156C57E300B0AAEB /* Resources */ = {
			isa = PBXResourcesBuildPhase;
			buildActionMask = 2147483647;
			files = (
				59180CA1156C57E300B0AAEB /* InfoPlist.strings in Resources */,
				59180CAD156C57E300B0AAEB /* HomeScreen_V.xib in Resources */,
				596689CF1574FDF800527332 /* PlayList_V.xib in Resources */,
			);
			runOnlyForDeploymentPostprocessing = 0;
		};
		59180CB0156C57E300B0AAEB /* Resources */ = {
			isa = PBXResourcesBuildPhase;
			buildActionMask = 2147483647;
			files = (
				59180CBF156C57E300B0AAEB /* InfoPlist.strings in Resources */,
			);
			runOnlyForDeploymentPostprocessing = 0;
		};
/* End PBXResourcesBuildPhase section */

/* Begin PBXShellScriptBuildPhase section */
		59180CB1156C57E300B0AAEB /* ShellScript */ = {
			isa = PBXShellScriptBuildPhase;
			buildActionMask = 2147483647;
			files = (
			);
			inputPaths = (
			);
			outputPaths = (
			);
			runOnlyForDeploymentPostprocessing = 0;
			shellPath = /bin/sh;
			shellScript = "# Run the unit tests in this test bundle.\n\"${SYSTEM_DEVELOPER_DIR}/Tools/RunUnitTests\"\n";
		};
/* End PBXShellScriptBuildPhase section */

/* Begin PBXSourcesBuildPhase section */
		59180C8E156C57E300B0AAEB /* Sources */ = {
			isa = PBXSourcesBuildPhase;
			buildActionMask = 2147483647;
			files = (
				59180CA3156C57E300B0AAEB /* main.m in Sources */,
				59180CA7156C57E300B0AAEB /* AppDelegate.m in Sources */,
				59180CAA156C57E300B0AAEB /* HomeScreen_VC.m in Sources */,
				5904C5D6156E720100F86544 /* PlayListBuilder.m in Sources */,
				596689CE1574FDF800527332 /* PlayList_VC.m in Sources */,
				5929F6641574FF6000B41A66 /* PlayList.m in Sources */,
			);
			runOnlyForDeploymentPostprocessing = 0;
		};
		59180CAE156C57E300B0AAEB /* Sources */ = {
			isa = PBXSourcesBuildPhase;
			buildActionMask = 2147483647;
			files = (
				59180CC2156C57E300B0AAEB /* Route_PlayerTests.m in Sources */,
			);
			runOnlyForDeploymentPostprocessing = 0;
		};
/* End PBXSourcesBuildPhase section */

/* Begin PBXTargetDependency section */
		59180CB9156C57E300B0AAEB /* PBXTargetDependency */ = {
			isa = PBXTargetDependency;
			target = 59180C91156C57E300B0AAEB /* Route_Player */;
			targetProxy = 59180CB8156C57E300B0AAEB /* PBXContainerItemProxy */;
		};
/* End PBXTargetDependency section */

/* Begin PBXVariantGroup section */
		59180C9F156C57E300B0AAEB /* InfoPlist.strings */ = {
			isa = PBXVariantGroup;
			children = (
				59180CA0156C57E300B0AAEB /* en */,
			);
			name = InfoPlist.strings;
			sourceTree = "<group>";
		};
		59180CAB156C57E300B0AAEB /* HomeScreen_V.xib */ = {
			isa = PBXVariantGroup;
			children = (
				59180CAC156C57E300B0AAEB /* en */,
			);
			name = HomeScreen_V.xib;
			sourceTree = "<group>";
		};
		59180CBD156C57E300B0AAEB /* InfoPlist.strings */ = {
			isa = PBXVariantGroup;
			children = (
				59180CBE156C57E300B0AAEB /* en */,
			);
			name = InfoPlist.strings;
			sourceTree = "<group>";
		};
/* End PBXVariantGroup section */

/* Begin XCBuildConfiguration section */
		59180CC3156C57E300B0AAEB /* Debug */ = {
			isa = XCBuildConfiguration;
			buildSettings = {
				ALWAYS_SEARCH_USER_PATHS = NO;
				ARCHS = "$(ARCHS_STANDARD_32_BIT)";
				CLANG_ENABLE_OBJC_ARC = YES;
				"CODE_SIGN_IDENTITY[sdk=iphoneos*]" = "iPhone Developer";
				COPY_PHASE_STRIP = NO;
				GCC_C_LANGUAGE_STANDARD = gnu99;
				GCC_DYNAMIC_NO_PIC = NO;
				GCC_OPTIMIZATION_LEVEL = 0;
				GCC_PREPROCESSOR_DEFINITIONS = (
					"DEBUG=1",
					"$(inherited)",
				);
				GCC_SYMBOLS_PRIVATE_EXTERN = NO;
				GCC_VERSION = com.apple.compilers.llvm.clang.1_0;
				GCC_WARN_ABOUT_RETURN_TYPE = YES;
				GCC_WARN_UNINITIALIZED_AUTOS = YES;
				GCC_WARN_UNUSED_VARIABLE = YES;
				IPHONEOS_DEPLOYMENT_TARGET = 5.1;
				SDKROOT = iphoneos;
			};
			name = Debug;
		};
		59180CC4156C57E300B0AAEB /* Release */ = {
			isa = XCBuildConfiguration;
			buildSettings = {
				ALWAYS_SEARCH_USER_PATHS = NO;
				ARCHS = "$(ARCHS_STANDARD_32_BIT)";
				CLANG_ENABLE_OBJC_ARC = YES;
				"CODE_SIGN_IDENTITY[sdk=iphoneos*]" = "iPhone Developer";
				COPY_PHASE_STRIP = YES;
				GCC_C_LANGUAGE_STANDARD = gnu99;
				GCC_VERSION = com.apple.compilers.llvm.clang.1_0;
				GCC_WARN_ABOUT_RETURN_TYPE = YES;
				GCC_WARN_UNINITIALIZED_AUTOS = YES;
				GCC_WARN_UNUSED_VARIABLE = YES;
				IPHONEOS_DEPLOYMENT_TARGET = 5.1;
				OTHER_CFLAGS = "-DNS_BLOCK_ASSERTIONS=1";
				SDKROOT = iphoneos;
				VALIDATE_PRODUCT = YES;
			};
			name = Release;
		};
		59180CC6156C57E300B0AAEB /* Debug */ = {
			isa = XCBuildConfiguration;
			buildSettings = {
				GCC_PRECOMPILE_PREFIX_HEADER = YES;
				GCC_PREFIX_HEADER = "Route_Player/Route_Player-Prefix.pch";
				INFOPLIST_FILE = "Route_Player/Route_Player-Info.plist";
				PRODUCT_NAME = "$(TARGET_NAME)";
				WRAPPER_EXTENSION = app;
			};
			name = Debug;
		};
		59180CC7156C57E300B0AAEB /* Release */ = {
			isa = XCBuildConfiguration;
			buildSettings = {
				GCC_PRECOMPILE_PREFIX_HEADER = YES;
				GCC_PREFIX_HEADER = "Route_Player/Route_Player-Prefix.pch";
				INFOPLIST_FILE = "Route_Player/Route_Player-Info.plist";
				PRODUCT_NAME = "$(TARGET_NAME)";
				WRAPPER_EXTENSION = app;
			};
			name = Release;
		};
		59180CC9156C57E300B0AAEB /* Debug */ = {
			isa = XCBuildConfiguration;
			buildSettings = {
				BUNDLE_LOADER = "$(BUILT_PRODUCTS_DIR)/Route_Player.app/Route_Player";
				FRAMEWORK_SEARCH_PATHS = (
					"$(SDKROOT)/Developer/Library/Frameworks",
					"$(DEVELOPER_LIBRARY_DIR)/Frameworks",
				);
				GCC_PRECOMPILE_PREFIX_HEADER = YES;
				GCC_PREFIX_HEADER = "Route_Player/Route_Player-Prefix.pch";
				INFOPLIST_FILE = "Route_PlayerTests/Route_PlayerTests-Info.plist";
				PRODUCT_NAME = "$(TARGET_NAME)";
				TEST_HOST = "$(BUNDLE_LOADER)";
				WRAPPER_EXTENSION = octest;
			};
			name = Debug;
		};
		59180CCA156C57E300B0AAEB /* Release */ = {
			isa = XCBuildConfiguration;
			buildSettings = {
				BUNDLE_LOADER = "$(BUILT_PRODUCTS_DIR)/Route_Player.app/Route_Player";
				FRAMEWORK_SEARCH_PATHS = (
					"$(SDKROOT)/Developer/Library/Frameworks",
					"$(DEVELOPER_LIBRARY_DIR)/Frameworks",
				);
				GCC_PRECOMPILE_PREFIX_HEADER = YES;
				GCC_PREFIX_HEADER = "Route_Player/Route_Player-Prefix.pch";
				INFOPLIST_FILE = "Route_PlayerTests/Route_PlayerTests-Info.plist";
				PRODUCT_NAME = "$(TARGET_NAME)";
				TEST_HOST = "$(BUNDLE_LOADER)";
				WRAPPER_EXTENSION = octest;
			};
			name = Release;
		};
/* End XCBuildConfiguration section */

/* Begin XCConfigurationList section */
		59180C8C156C57E300B0AAEB /* Build configuration list for PBXProject "Route_Player" */ = {
			isa = XCConfigurationList;
			buildConfigurations = (
				59180CC3156C57E300B0AAEB /* Debug */,
				59180CC4156C57E300B0AAEB /* Release */,
			);
			defaultConfigurationIsVisible = 0;
			defaultConfigurationName = Release;
		};
		59180CC5156C57E300B0AAEB /* Build configuration list for PBXNativeTarget "Route_Player" */ = {
			isa = XCConfigurationList;
			buildConfigurations = (
				59180CC6156C57E300B0AAEB /* Debug */,
				59180CC7156C57E300B0AAEB /* Release */,
			);
			defaultConfigurationIsVisible = 0;
			defaultConfigurationName = Release;
		};
		59180CC8156C57E300B0AAEB /* Build configuration list for PBXNativeTarget "Route_PlayerTests" */ = {
			isa = XCConfigurationList;
			buildConfigurations = (
				59180CC9156C57E300B0AAEB /* Debug */,
				59180CCA156C57E300B0AAEB /* Release */,
			);
			defaultConfigurationIsVisible = 0;
			defaultConfigurationName = Release;
		};
/* End XCConfigurationList section */
	};
	rootObject = 59180C89156C57E300B0AAEB /* Project object */;
}
